
Microsoft Visual Studio Solution File, Format Version 12.00
# Visual Studio Version 17
VisualStudioVersion = 17.0.31717.71
MinimumVisualStudioVersion = 10.0.40219.1
Project("{9A19103F-16F7-4668-BE54-9A1E7A4F7556}") = "CompanyEmployees", "CompanyEmployees\CompanyEmployees.csproj", "{88C813E8-77AF-48EF-878A-845BCB65AF0B}"
EndProject
Project("{FAE04EC0-301F-11D3-BF4B-00C04F79EFBC}") = "Contracts", "Contracts\Contracts.csproj", "{CAF6890C-E5D0-4C8A-8030-C4D66CBE1C97}"
EndProject
Project("{FAE04EC0-301F-11D3-BF4B-00C04F79EFBC}") = "LoggerService", "LoggerManager\LoggerService.csproj", "{B45A7FF7-BE88-4D5D-9218-230BC00C77AF}"
EndProject
Project("{FAE04EC0-301F-11D3-BF4B-00C04F79EFBC}") = "Entities", "Entities\Entities.csproj", "{9CEE65C9-693F-42C2-915B-2AD820A59364}"
EndProject
Project("{FAE04EC0-301F-11D3-BF4B-00C04F79EFBC}") = "Repository", "Repository\Repository.csproj", "{0C655B9C-8932-43A5-96EC-99E3B49F3811}"
EndProject
Global
	GlobalSection(SolutionConfigurationPlatforms) = preSolution
		Debug|Any CPU = Debug|Any CPU
		Release|Any CPU = Release|Any CPU
	EndGlobalSection
	GlobalSection(ProjectConfigurationPlatforms) = postSolution
		{88C813E8-77AF-48EF-878A-845BCB65AF0B}.Debug|Any CPU.ActiveCfg = Debug|Any CPU
		{88C813E8-77AF-48EF-878A-845BCB65AF0B}.Debug|Any CPU.Build.0 = Debug|Any CPU
		{88C813E8-77AF-48EF-878A-845BCB65AF0B}.Release|Any CPU.ActiveCfg = Release|Any CPU
		{88C813E8-77AF-48EF-878A-845BCB65AF0B}.Release|Any CPU.Build.0 = Release|Any CPU
		{CAF6890C-E5D0-4C8A-8030-C4D66CBE1C97}.Debug|Any CPU.ActiveCfg = Debug|Any CPU
		{CAF6890C-E5D0-4C8A-8030-C4D66CBE1C97}.Debug|Any CPU.Build.0 = Debug|Any CPU
		{CAF6890C-E5D0-4C8A-8030-C4D66CBE1C97}.Release|Any CPU.ActiveCfg = Release|Any CPU
		{CAF6890C-E5D0-4C8A-8030-C4D66CBE1C97}.Release|Any CPU.Build.0 = Release|Any CPU
		{B45A7FF7-BE88-4D5D-9218-230BC00C77AF}.Debug|Any CPU.ActiveCfg = Debug|Any CPU
		{B45A7FF7-BE88-4D5D-9218-230BC00C77AF}.Debug|Any CPU.Build.0 = Debug|Any CPU
		{B45A7FF7-BE88-4D5D-9218-230BC00C77AF}.Release|Any CPU.ActiveCfg = Release|Any CPU
		{B45A7FF7-BE88-4D5D-9218-230BC00C77AF}.Release|Any CPU.Build.0 = Release|Any CPU
		{9CEE65C9-693F-42C2-915B-2AD820A59364}.Debug|Any CPU.ActiveCfg = Debug|Any CPU
		{9CEE65C9-693F-42C2-915B-2AD820A59364}.Debug|Any CPU.Build.0 = Debug|Any CPU
		{9CEE65C9-693F-42C2-915B-2AD820A59364}.Release|Any CPU.ActiveCfg = Release|Any CPU
		{9CEE65C9-693F-42C2-915B-2AD820A59364}.Release|Any CPU.Build.0 = Release|Any CPU
		{0C655B9C-8932-43A5-96EC-99E3B49F3811}.Debug|Any CPU.ActiveCfg = Debug|Any CPU
		{0C655B9C-8932-43A5-96EC-99E3B49F3811}.Debug|Any CPU.Build.0 = Debug|Any CPU
		{0C655B9C-8932-43A5-96EC-99E3B49F3811}.Release|Any CPU.ActiveCfg = Release|Any CPU
		{0C655B9C-8932-43A5-96EC-99E3B49F3811}.Release|Any CPU.Build.0 = Release|Any CPU
	EndGlobalSection
	GlobalSection(SolutionProperties) = preSolution
		HideSolutionNode = FALSE
	EndGlobalSection
	GlobalSection(ExtensibilityGlobals) = postSolution
		SolutionGuid = {DE51EBE3-9EE6-4C34-96A1-E92AE661460A}
	EndGlobalSection
EndGlobal
